 ﻿
Microsoft Visual Studio Solution File, Format Version 12.00
# Visual Studio Version 17
VisualStudioVersion = 17.13.35931.197
MinimumVisualStudioVersion = 10.0.40219.1
Project("{FAE04EC0-301F-11D3-BF4B-00C04F79EFBC}") = "CMS", "CMS.csproj", "{D0829835-5E84-4D86-8324-E4DCF63E3300}"
EndProject
Global
	GlobalSection(SolutionConfigurationPlatforms) = preSolution
		Debug|Any CPU = Debug|Any CPU
		Release|Any CPU = Release|Any CPU
	EndGlobalSection
	GlobalSection(ProjectConfigurationPlatforms) = postSolution
		{D0829835-5E84-4D86-8324-E4DCF63E3300}.Debug|Any CPU.ActiveCfg = Debug|Any CPU
		{D0829835-5E84-4D86-8324-E4DCF63E3300}.Debug|Any CPU.Build.0 = Debug|Any CPU
		{D0829835-5E84-4D86-8324-E4DCF63E3300}.Release|Any CPU.ActiveCfg = Release|Any CPU
		{D0829835-5E84-4D86-8324-E4DCF63E3300}.Release|Any CPU.Build.0 = Release|Any CPU
	EndGlobalSection
	GlobalSection(SolutionProperties) = preSolution
		HideSolutionNode = FALSE
	EndGlobalSection
	GlobalSection(ExtensibilityGlobals) = postSolution
		SolutionGuid = {ACBEE57A-6FD6-4463-A99D-D3B9A1481C23}
	EndGlobalSection
EndGlobal
